{
  "object": {
    "pins": [
      {
        "package": "APIRequest",
        "repositoryURL": "https://github.com/GroupeMINASTE/APIRequest.swift",
        "state": {
          "branch": null,
          "revision": "32a37eacc67cad47355ca6c90fccbe8650c44474",
          "version": "1.3.1"
        }
      },
      {
        "package": "DonateViewController",
        "repositoryURL": "https://github.com/GroupeMINASTE/DonateViewController",
        "state": {
          "branch": null,
          "revision": "54af78de3bc4a03e088dc4e763af89b15d54db02",
          "version": "1.1.5"
        }
      },
      {
        "package": "GroupeMINASTE",
        "repositoryURL": "https://github.com/GroupeMINASTE/GroupeMINASTE.swift.git",
        "state": {
          "branch": null,
          "revision": "59f7b806f937e911ce560aa4a187713ae1083ea0",
          "version": "1.0.5"
        }
      }
    ]
  },
  "version": 1
}
